// !$*UTF8*$!
{
	archiveVersion = 1;
	classes = {
	};
	objectVersion = 46;
	objects = {

/* Begin PBXBuildFile section */
		5339CA1C1BB7CF2A000B3B28 /* main.cpp in Sources */ = {isa = PBXBuildFile; fileRef = 5339CA1B1BB7CF2A000B3B28 /* main.cpp */; };
		53A6930F1BB7D4BC0097DFED /* CWindow.cpp in Sources */ = {isa = PBXBuildFile; fileRef = 53A6930D1BB7D4BC0097DFED /* CWindow.cpp */; settings = {ASSET_TAGS = (); }; };
		53A693181BB7DB260097DFED /* CImageComparatorL1.cpp in Sources */ = {isa = PBXBuildFile; fileRef = 53A693161BB7DB260097DFED /* CImageComparatorL1.cpp */; settings = {ASSET_TAGS = (); }; };
		53A6931B1BB7DD780097DFED /* CThreshBinarizer.cpp in Sources */ = {isa = PBXBuildFile; fileRef = 53A693191BB7DD780097DFED /* CThreshBinarizer.cpp */; settings = {ASSET_TAGS = (); }; };
		53A6931E1BB7F4950097DFED /* CImageProcessor.cpp in Sources */ = {isa = PBXBuildFile; fileRef = 53A6931C1BB7F4950097DFED /* CImageProcessor.cpp */; settings = {ASSET_TAGS = (); }; };
		53A693241BB7F9150097DFED /* CImage.cpp in Sources */ = {isa = PBXBuildFile; fileRef = 53A693221BB7F9150097DFED /* CImage.cpp */; settings = {ASSET_TAGS = (); }; };
/* End PBXBuildFile section */

/* Begin PBXCopyFilesBuildPhase section */
		5339CA161BB7CF2A000B3B28 /* CopyFiles */ = {
			isa = PBXCopyFilesBuildPhase;
			buildActionMask = 2147483647;
			dstPath = /usr/share/man/man1/;
			dstSubfolderSpec = 0;
			files = (
			);
			runOnlyForDeploymentPostprocessing = 1;
		};
/* End PBXCopyFilesBuildPhase section */

/* Begin PBXFileReference section */
		5339CA181BB7CF2A000B3B28 /* ImgReconstruction */ = {isa = PBXFileReference; explicitFileType = "compiled.mach-o.executable"; includeInIndex = 0; path = ImgReconstruction; sourceTree = BUILT_PRODUCTS_DIR; };
		5339CA1B1BB7CF2A000B3B28 /* main.cpp */ = {isa = PBXFileReference; lastKnownFileType = sourcecode.cpp.cpp; path = main.cpp; sourceTree = "<group>"; };
		536A27A21BBB954200D3B4F5 /* images */ = {isa = PBXFileReference; lastKnownFileType = folder; path = images; sourceTree = "<group>"; };
		53A6930A1BB7D2F60097DFED /* IBinarizer.hpp */ = {isa = PBXFileReference; fileEncoding = 4; lastKnownFileType = sourcecode.cpp.h; name = IBinarizer.hpp; path = Core/IBinarizer.hpp; sourceTree = "<group>"; };
		53A6930D1BB7D4BC0097DFED /* CWindow.cpp */ = {isa = PBXFileReference; fileEncoding = 4; lastKnownFileType = sourcecode.cpp.cpp; name = CWindow.cpp; path = GUI/CWindow.cpp; sourceTree = "<group>"; };
		53A6930E1BB7D4BC0097DFED /* CWindow.hpp */ = {isa = PBXFileReference; fileEncoding = 4; lastKnownFileType = sourcecode.cpp.h; name = CWindow.hpp; path = GUI/CWindow.hpp; sourceTree = "<group>"; };
		53A693101BB7D6100097DFED /* PrefixHeader.pch */ = {isa = PBXFileReference; fileEncoding = 4; lastKnownFileType = sourcecode.c.h; path = PrefixHeader.pch; sourceTree = "<group>"; };
		53A693141BB7DA700097DFED /* IImageComparator.hpp */ = {isa = PBXFileReference; fileEncoding = 4; lastKnownFileType = sourcecode.cpp.h; name = IImageComparator.hpp; path = Core/IImageComparator.hpp; sourceTree = "<group>"; };
		53A693161BB7DB260097DFED /* CImageComparatorL1.cpp */ = {isa = PBXFileReference; fileEncoding = 4; lastKnownFileType = sourcecode.cpp.cpp; name = CImageComparatorL1.cpp; path = Core/CImageComparatorL1.cpp; sourceTree = "<group>"; };
		53A693171BB7DB260097DFED /* CImageComparatorL1.hpp */ = {isa = PBXFileReference; fileEncoding = 4; lastKnownFileType = sourcecode.cpp.h; name = CImageComparatorL1.hpp; path = Core/CImageComparatorL1.hpp; sourceTree = "<group>"; };
		53A693191BB7DD780097DFED /* CThreshBinarizer.cpp */ = {isa = PBXFileReference; fileEncoding = 4; lastKnownFileType = sourcecode.cpp.cpp; name = CThreshBinarizer.cpp; path = Core/CThreshBinarizer.cpp; sourceTree = "<group>"; };
		53A6931A1BB7DD780097DFED /* CThreshBinarizer.hpp */ = {isa = PBXFileReference; fileEncoding = 4; lastKnownFileType = sourcecode.cpp.h; name = CThreshBinarizer.hpp; path = Core/CThreshBinarizer.hpp; sourceTree = "<group>"; };
		53A6931C1BB7F4950097DFED /* CImageProcessor.cpp */ = {isa = PBXFileReference; fileEncoding = 4; lastKnownFileType = sourcecode.cpp.cpp; name = CImageProcessor.cpp; path = Core/CImageProcessor.cpp; sourceTree = "<group>"; };
		53A6931D1BB7F4950097DFED /* CImageProcessor.hpp */ = {isa = PBXFileReference; fileEncoding = 4; lastKnownFileType = sourcecode.cpp.h; name = CImageProcessor.hpp; path = Core/CImageProcessor.hpp; sourceTree = "<group>"; };
		53A693221BB7F9150097DFED /* CImage.cpp */ = {isa = PBXFileReference; fileEncoding = 4; lastKnownFileType = sourcecode.cpp.cpp; name = CImage.cpp; path = Core/Structures/CImage.cpp; sourceTree = "<group>"; };
		53A693231BB7F9150097DFED /* CImage.hpp */ = {isa = PBXFileReference; fileEncoding = 4; lastKnownFileType = sourcecode.cpp.h; name = CImage.hpp; path = Core/Structures/CImage.hpp; sourceTree = "<group>"; };
/* End PBXFileReference section */

/* Begin PBXFrameworksBuildPhase section */
		5339CA151BB7CF2A000B3B28 /* Frameworks */ = {
			isa = PBXFrameworksBuildPhase;
			buildActionMask = 2147483647;
			files = (
			);
			runOnlyForDeploymentPostprocessing = 0;
		};
/* End PBXFrameworksBuildPhase section */

/* Begin PBXGroup section */
		5339CA0F1BB7CF2A000B3B28 = {
			isa = PBXGroup;
			children = (
				536A27A21BBB954200D3B4F5 /* images */,
				5339CA1A1BB7CF2A000B3B28 /* ImgReconstruction */,
				5339CA191BB7CF2A000B3B28 /* Products */,
			);
			sourceTree = "<group>";
		};
		5339CA191BB7CF2A000B3B28 /* Products */ = {
			isa = PBXGroup;
			children = (
				5339CA181BB7CF2A000B3B28 /* ImgReconstruction */,
			);
			name = Products;
			sourceTree = "<group>";
		};
		5339CA1A1BB7CF2A000B3B28 /* ImgReconstruction */ = {
			isa = PBXGroup;
			children = (
				53A6930C1BB7D4910097DFED /* GUI */,
				53A693081BB7D1C20097DFED /* Core */,
				5339CA1B1BB7CF2A000B3B28 /* main.cpp */,
				53A693101BB7D6100097DFED /* PrefixHeader.pch */,
			);
			path = ImgReconstruction;
			sourceTree = "<group>";
		};
		53A693081BB7D1C20097DFED /* Core */ = {
			isa = PBXGroup;
			children = (
				53A693251BB7F91A0097DFED /* Structures */,
				53A693261BB7F93C0097DFED /* Algorithms */,
			);
			name = Core;
			sourceTree = "<group>";
		};
		53A6930C1BB7D4910097DFED /* GUI */ = {
			isa = PBXGroup;
			children = (
				53A6930D1BB7D4BC0097DFED /* CWindow.cpp */,
				53A6930E1BB7D4BC0097DFED /* CWindow.hpp */,
			);
			name = GUI;
			sourceTree = "<group>";
		};
		53A693111BB7D6970097DFED /* Binarization */ = {
			isa = PBXGroup;
			children = (
				53A6930A1BB7D2F60097DFED /* IBinarizer.hpp */,
				53A693191BB7DD780097DFED /* CThreshBinarizer.cpp */,
				53A6931A1BB7DD780097DFED /* CThreshBinarizer.hpp */,
			);
			name = Binarization;
			sourceTree = "<group>";
		};
		53A693121BB7D6A80097DFED /* ImgComparison */ = {
			isa = PBXGroup;
			children = (
				53A693141BB7DA700097DFED /* IImageComparator.hpp */,
				53A693161BB7DB260097DFED /* CImageComparatorL1.cpp */,
				53A693171BB7DB260097DFED /* CImageComparatorL1.hpp */,
			);
			name = ImgComparison;
			sourceTree = "<group>";
		};
		53A693251BB7F91A0097DFED /* Structures */ = {
			isa = PBXGroup;
			children = (
				53A693221BB7F9150097DFED /* CImage.cpp */,
				53A693231BB7F9150097DFED /* CImage.hpp */,
			);
			name = Structures;
			sourceTree = "<group>";
		};
		53A693261BB7F93C0097DFED /* Algorithms */ = {
			isa = PBXGroup;
			children = (
				53A6931C1BB7F4950097DFED /* CImageProcessor.cpp */,
				53A6931D1BB7F4950097DFED /* CImageProcessor.hpp */,
				53A693121BB7D6A80097DFED /* ImgComparison */,
				53A693111BB7D6970097DFED /* Binarization */,
			);
			name = Algorithms;
			sourceTree = "<group>";
		};
/* End PBXGroup section */

/* Begin PBXNativeTarget section */
		5339CA171BB7CF2A000B3B28 /* ImgReconstruction */ = {
			isa = PBXNativeTarget;
			buildConfigurationList = 5339CA1F1BB7CF2A000B3B28 /* Build configuration list for PBXNativeTarget "ImgReconstruction" */;
			buildPhases = (
				5339CA141BB7CF2A000B3B28 /* Sources */,
				5339CA151BB7CF2A000B3B28 /* Frameworks */,
				5339CA161BB7CF2A000B3B28 /* CopyFiles */,
				536A27A11BBB7C0400D3B4F5 /* ShellScript */,
			);
			buildRules = (
			);
			dependencies = (
			);
			name = ImgReconstruction;
			productName = ImgReconstruction;
			productReference = 5339CA181BB7CF2A000B3B28 /* ImgReconstruction */;
			productType = "com.apple.product-type.tool";
		};
/* End PBXNativeTarget section */

/* Begin PBXProject section */
		5339CA101BB7CF2A000B3B28 /* Project object */ = {
			isa = PBXProject;
			attributes = {
				LastUpgradeCheck = 0700;
				ORGANIZATIONNAME = "Alexander Bochkarev";
				TargetAttributes = {
					5339CA171BB7CF2A000B3B28 = {
						CreatedOnToolsVersion = 7.0;
					};
				};
			};
			buildConfigurationList = 5339CA131BB7CF2A000B3B28 /* Build configuration list for PBXProject "ImgReconstruction" */;
			compatibilityVersion = "Xcode 3.2";
			developmentRegion = English;
			hasScannedForEncodings = 0;
			knownRegions = (
				en,
			);
			mainGroup = 5339CA0F1BB7CF2A000B3B28;
			productRefGroup = 5339CA191BB7CF2A000B3B28 /* Products */;
			projectDirPath = "";
			projectRoot = "";
			targets = (
				5339CA171BB7CF2A000B3B28 /* ImgReconstruction */,
			);
		};
/* End PBXProject section */

/* Begin PBXShellScriptBuildPhase section */
		536A27A11BBB7C0400D3B4F5 /* ShellScript */ = {
			isa = PBXShellScriptBuildPhase;
			buildActionMask = 2147483647;
			files = (
			);
			inputPaths = (
			);
			outputPaths = (
			);
			runOnlyForDeploymentPostprocessing = 0;
			shellPath = /bin/sh;
			shellScript = "TAGS=\"TODO:|FIXME:\"\nERRORTAG=\"ERROR:\"\nfind \"${SRCROOT}\" \\( -name \"*.hpp\" -or -name \"*.cpp\" \\) -print0 | xargs -0 egrep --with-filename --line-number --only-matching \"($TAGS).*\\$|($ERRORTAG).*\\$\" | perl -p -e \"s/($TAGS)/ warning: \\$1/\" | perl -p -e \"s/($ERRORTAG)/ error: \\$1/\"";
		};
/* End PBXShellScriptBuildPhase section */

/* Begin PBXSourcesBuildPhase section */
		5339CA141BB7CF2A000B3B28 /* Sources */ = {
			isa = PBXSourcesBuildPhase;
			buildActionMask = 2147483647;
			files = (
				53A6931E1BB7F4950097DFED /* CImageProcessor.cpp in Sources */,
				53A6931B1BB7DD780097DFED /* CThreshBinarizer.cpp in Sources */,
				53A6930F1BB7D4BC0097DFED /* CWindow.cpp in Sources */,
				53A693181BB7DB260097DFED /* CImageComparatorL1.cpp in Sources */,
				53A693241BB7F9150097DFED /* CImage.cpp in Sources */,
				5339CA1C1BB7CF2A000B3B28 /* main.cpp in Sources */,
			);
			runOnlyForDeploymentPostprocessing = 0;
		};
/* End PBXSourcesBuildPhase section */

/* Begin XCBuildConfiguration section */
		5339CA1D1BB7CF2A000B3B28 /* Debug */ = {
			isa = XCBuildConfiguration;
			buildSettings = {
				ALWAYS_SEARCH_USER_PATHS = NO;
				CLANG_CXX_LANGUAGE_STANDARD = "gnu++0x";
				CLANG_CXX_LIBRARY = "libc++";
				CLANG_ENABLE_MODULES = YES;
				CLANG_ENABLE_OBJC_ARC = YES;
				CLANG_WARN_BOOL_CONVERSION = YES;
				CLANG_WARN_CONSTANT_CONVERSION = YES;
				CLANG_WARN_DIRECT_OBJC_ISA_USAGE = YES_ERROR;
				CLANG_WARN_EMPTY_BODY = YES;
				CLANG_WARN_ENUM_CONVERSION = YES;
				CLANG_WARN_INT_CONVERSION = YES;
				CLANG_WARN_OBJC_ROOT_CLASS = YES_ERROR;
				CLANG_WARN_UNREACHABLE_CODE = YES;
				CLANG_WARN__DUPLICATE_METHOD_MATCH = YES;
				COPY_PHASE_STRIP = NO;
				DEBUG_INFORMATION_FORMAT = dwarf;
				ENABLE_STRICT_OBJC_MSGSEND = YES;
				ENABLE_TESTABILITY = YES;
				GCC_C_LANGUAGE_STANDARD = gnu99;
				GCC_DYNAMIC_NO_PIC = NO;
				GCC_NO_COMMON_BLOCKS = YES;
				GCC_OPTIMIZATION_LEVEL = 0;
				GCC_PREPROCESSOR_DEFINITIONS = (
					"DEBUG=1",
					"$(inherited)",
				);
				GCC_WARN_64_TO_32_BIT_CONVERSION = YES;
				GCC_WARN_ABOUT_RETURN_TYPE = YES_ERROR;
				GCC_WARN_UNDECLARED_SELECTOR = YES;
				GCC_WARN_UNINITIALIZED_AUTOS = YES_AGGRESSIVE;
				GCC_WARN_UNUSED_FUNCTION = YES;
				GCC_WARN_UNUSED_VARIABLE = YES;
				MACOSX_DEPLOYMENT_TARGET = 10.8;
				MTL_ENABLE_DEBUG_INFO = YES;
				ONLY_ACTIVE_ARCH = YES;
				SDKROOT = macosx;
			};
			name = Debug;
		};
		5339CA1E1BB7CF2A000B3B28 /* Release */ = {
			isa = XCBuildConfiguration;
			buildSettings = {
				ALWAYS_SEARCH_USER_PATHS = NO;
				CLANG_CXX_LANGUAGE_STANDARD = "gnu++0x";
				CLANG_CXX_LIBRARY = "libc++";
				CLANG_ENABLE_MODULES = YES;
				CLANG_ENABLE_OBJC_ARC = YES;
				CLANG_WARN_BOOL_CONVERSION = YES;
				CLANG_WARN_CONSTANT_CONVERSION = YES;
				CLANG_WARN_DIRECT_OBJC_ISA_USAGE = YES_ERROR;
				CLANG_WARN_EMPTY_BODY = YES;
				CLANG_WARN_ENUM_CONVERSION = YES;
				CLANG_WARN_INT_CONVERSION = YES;
				CLANG_WARN_OBJC_ROOT_CLASS = YES_ERROR;
				CLANG_WARN_UNREACHABLE_CODE = YES;
				CLANG_WARN__DUPLICATE_METHOD_MATCH = YES;
				COPY_PHASE_STRIP = NO;
				DEBUG_INFORMATION_FORMAT = "dwarf-with-dsym";
				ENABLE_NS_ASSERTIONS = NO;
				ENABLE_STRICT_OBJC_MSGSEND = YES;
				GCC_C_LANGUAGE_STANDARD = gnu99;
				GCC_NO_COMMON_BLOCKS = YES;
				GCC_WARN_64_TO_32_BIT_CONVERSION = YES;
				GCC_WARN_ABOUT_RETURN_TYPE = YES_ERROR;
				GCC_WARN_UNDECLARED_SELECTOR = YES;
				GCC_WARN_UNINITIALIZED_AUTOS = YES_AGGRESSIVE;
				GCC_WARN_UNUSED_FUNCTION = YES;
				GCC_WARN_UNUSED_VARIABLE = YES;
				MACOSX_DEPLOYMENT_TARGET = 10.8;
				MTL_ENABLE_DEBUG_INFO = NO;
				SDKROOT = macosx;
			};
			name = Release;
		};
		5339CA201BB7CF2A000B3B28 /* Debug */ = {
			isa = XCBuildConfiguration;
			buildSettings = {
				GCC_PREFIX_HEADER = "$(PROJECT_DIR)/ImgReconstruction/PrefixHeader.pch";
				HEADER_SEARCH_PATHS = /usr/local/include;
				LIBRARY_SEARCH_PATHS = /usr/local/lib;
				OTHER_LDFLAGS = (
					"-lopencv_calib3d",
					"-lopencv_core",
					"-lopencv_features2d",
					"-lopencv_flann",
					"-lopencv_highgui",
					"-lopencv_imgcodecs",
					"-lopencv_imgproc",
					"-lopencv_ml",
					"-lopencv_objdetect",
					"-lopencv_photo",
					"-lopencv_shape",
					"-lopencv_stitching",
					"-lopencv_superres",
					"-lopencv_ts",
					"-lopencv_video",
					"-lopencv_videoio",
					"-lopencv_videostab",
				);
				PRODUCT_NAME = "$(TARGET_NAME)";
			};
			name = Debug;
		};
		5339CA211BB7CF2A000B3B28 /* Release */ = {
			isa = XCBuildConfiguration;
			buildSettings = {
				GCC_PREFIX_HEADER = "$(PROJECT_DIR)/ImgReconstruction/PrefixHeader.pch";
				HEADER_SEARCH_PATHS = /usr/local/include;
				LIBRARY_SEARCH_PATHS = /usr/local/lib;
				OTHER_LDFLAGS = (
					"-lopencv_calib3d",
					"-lopencv_core",
					"-lopencv_features2d",
					"-lopencv_flann",
					"-lopencv_highgui",
					"-lopencv_imgcodecs",
					"-lopencv_imgproc",
					"-lopencv_ml",
					"-lopencv_objdetect",
					"-lopencv_photo",
					"-lopencv_shape",
					"-lopencv_stitching",
					"-lopencv_superres",
					"-lopencv_ts",
					"-lopencv_video",
					"-lopencv_videoio",
					"-lopencv_videostab",
				);
				PRODUCT_NAME = "$(TARGET_NAME)";
			};
			name = Release;
		};
/* End XCBuildConfiguration section */

/* Begin XCConfigurationList section */
		5339CA131BB7CF2A000B3B28 /* Build configuration list for PBXProject "ImgReconstruction" */ = {
			isa = XCConfigurationList;
			buildConfigurations = (
				5339CA1D1BB7CF2A000B3B28 /* Debug */,
				5339CA1E1BB7CF2A000B3B28 /* Release */,
			);
			defaultConfigurationIsVisible = 0;
			defaultConfigurationName = Release;
		};
		5339CA1F1BB7CF2A000B3B28 /* Build configuration list for PBXNativeTarget "ImgReconstruction" */ = {
			isa = XCConfigurationList;
			buildConfigurations = (
				5339CA201BB7CF2A000B3B28 /* Debug */,
				5339CA211BB7CF2A000B3B28 /* Release */,
			);
			defaultConfigurationIsVisible = 0;
			defaultConfigurationName = Release;
		};
/* End XCConfigurationList section */
	};
	rootObject = 5339CA101BB7CF2A000B3B28 /* Project object */;
}
